
Microsoft Visual Studio Solution File, Format Version 12.00
# Visual Studio Version 17
VisualStudioVersion = 17.3.32929.385
MinimumVisualStudioVersion = 10.0.40219.1
Project("{FAE04EC0-301F-11D3-BF4B-00C04F79EFBC}") = "TPW", "TPW\TPW.csproj", "{692A3FCC-86C1-4F24-85D2-AA426E6DC2E4}"
EndProject
Global
	GlobalSection(SolutionConfigurationPlatforms) = preSolution
		Debug|Any CPU = Debug|Any CPU
		Release|Any CPU = Release|Any CPU
	EndGlobalSection
	GlobalSection(ProjectConfigurationPlatforms) = postSolution
		{692A3FCC-86C1-4F24-85D2-AA426E6DC2E4}.Debug|Any CPU.ActiveCfg = Debug|Any CPU
		{692A3FCC-86C1-4F24-85D2-AA426E6DC2E4}.Debug|Any CPU.Build.0 = Debug|Any CPU
		{692A3FCC-86C1-4F24-85D2-AA426E6DC2E4}.Release|Any CPU.ActiveCfg = Release|Any CPU
		{692A3FCC-86C1-4F24-85D2-AA426E6DC2E4}.Release|Any CPU.Build.0 = Release|Any CPU
	EndGlobalSection
	GlobalSection(SolutionProperties) = preSolution
		HideSolutionNode = FALSE
	EndGlobalSection
	GlobalSection(ExtensibilityGlobals) = postSolution
		SolutionGuid = {06BE8EF9-F47A-471F-9C3D-64DAA200C670}
	EndGlobalSection
EndGlobal
